
Microsoft Visual Studio Solution File, Format Version 12.00
# Visual Studio 15
VisualStudioVersion = 15.0.28307.779
MinimumVisualStudioVersion = 10.0.40219.1
Project("{FAE04EC0-301F-11D3-BF4B-00C04F79EFBC}") = "Entidades", "Entidades\Entidades.csproj", "{EAB8F176-9DD0-4C20-B50C-4B82B1BD34F0}"
EndProject
Project("{FAE04EC0-301F-11D3-BF4B-00C04F79EFBC}") = "FrmTP4", "FrmTP4\FrmTP4.csproj", "{1659C133-9589-490F-940B-F5EC7191540F}"
EndProject
Global
	GlobalSection(SolutionConfigurationPlatforms) = preSolution
		Debug|Any CPU = Debug|Any CPU
		Release|Any CPU = Release|Any CPU
	EndGlobalSection
	GlobalSection(ProjectConfigurationPlatforms) = postSolution
		{EAB8F176-9DD0-4C20-B50C-4B82B1BD34F0}.Debug|Any CPU.ActiveCfg = Debug|Any CPU
		{EAB8F176-9DD0-4C20-B50C-4B82B1BD34F0}.Debug|Any CPU.Build.0 = Debug|Any CPU
		{EAB8F176-9DD0-4C20-B50C-4B82B1BD34F0}.Release|Any CPU.ActiveCfg = Release|Any CPU
		{EAB8F176-9DD0-4C20-B50C-4B82B1BD34F0}.Release|Any CPU.Build.0 = Release|Any CPU
		{1659C133-9589-490F-940B-F5EC7191540F}.Debug|Any CPU.ActiveCfg = Debug|Any CPU
		{1659C133-9589-490F-940B-F5EC7191540F}.Debug|Any CPU.Build.0 = Debug|Any CPU
		{1659C133-9589-490F-940B-F5EC7191540F}.Release|Any CPU.ActiveCfg = Release|Any CPU
		{1659C133-9589-490F-940B-F5EC7191540F}.Release|Any CPU.Build.0 = Release|Any CPU
	EndGlobalSection
	GlobalSection(SolutionProperties) = preSolution
		HideSolutionNode = FALSE
	EndGlobalSection
	GlobalSection(ExtensibilityGlobals) = postSolution
		SolutionGuid = {8EC2529B-4C6E-4D8C-AE33-E786DDB2ECB3}
	EndGlobalSection
EndGlobal
